Microsoft Visual Studio Solution File, Format Version 9.00
# Visual Studio 2005
Project("{FAE04EC0-301F-11D3-BF4B-00C04F79EFBC}") = "UCT_T Group Members List Extractor", "UCT_T Group Members List Extractor.csproj", "{602365C0-196A-4F64-B709-C6B76EB7F5D0}"
EndProject
Global
	GlobalSection(SolutionConfigurationPlatforms) = preSolution
		Debug|Any CPU = Debug|Any CPU
		Release|Any CPU = Release|Any CPU
	EndGlobalSection
	GlobalSection(ProjectConfigurationPlatforms) = postSolution
		{602365C0-196A-4F64-B709-C6B76EB7F5D0}.Debug|Any CPU.ActiveCfg = Debug|Any CPU
		{602365C0-196A-4F64-B709-C6B76EB7F5D0}.Debug|Any CPU.Build.0 = Debug|Any CPU
		{602365C0-196A-4F64-B709-C6B76EB7F5D0}.Release|Any CPU.ActiveCfg = Release|Any CPU
		{602365C0-196A-4F64-B709-C6B76EB7F5D0}.Release|Any CPU.Build.0 = Release|Any CPU
	EndGlobalSection
	GlobalSection(SolutionProperties) = preSolution
		HideSolutionNode = FALSE
	EndGlobalSection
EndGlobal
